{
  "projects": [
    {
      "projectId": "hjKYmYi6HMwK6TRyk7ew5R",
      "version": "6.48.0",
      "dependencies": {},
      "lang": "ts",
      "fileLocks": [
        {
          "assetId": "hjKYmYi6HMwK6TRyk7ew5R",
          "type": "projectCss",
          "checksum": "0914b411adf60d87fad37583f7b43300"
        },
        {
          "assetId": "hjKYmYi6HMwK6TRyk7ew5R",
          "checksum": "689bfe048c805967249df4fe6b0cb88a",
          "type": "globalContexts"
        },
        {
          "assetId": "hjKYmYi6HMwK6TRyk7ew5R",
          "checksum": "1cdeaa5ec55a72854654233e68cb9294",
          "type": "projectModule"
        },
        {
          "assetId": "hjKYmYi6HMwK6TRyk7ew5R",
          "checksum": "c1ed523c9e2ba576a837bd0545a9b3d7",
          "type": "styleTokensProvider"
        }
      ],
      "codegenVersion": "0.0.2"
    },
    {
      "projectId": "dU9SZPrnMUWLfHqMrxdfvS",
      "version": "latest",
      "dependencies": {
        "hjKYmYi6HMwK6TRyk7ew5R": "6.48.0",
        "ohDidvG9XsCeFumugENU3J": "6.35.0"
      },
      "lang": "ts",
      "fileLocks": [
        {
          "type": "globalVariant",
          "assetId": "fkLVulOIgg56",
          "checksum": "c36af9a21f53b293b2f28fd1ed82f742"
        },
        {
          "assetId": "dU9SZPrnMUWLfHqMrxdfvS",
          "checksum": "4073a2a6c51b4a06c21f179e8ccd29c4",
          "type": "globalContexts"
        },
        {
          "assetId": "dU9SZPrnMUWLfHqMrxdfvS",
          "checksum": "319f3e526fb0596e6439668a76f0e0e5",
          "type": "projectModule"
        },
        {
          "assetId": "dU9SZPrnMUWLfHqMrxdfvS",
          "checksum": "756dac34e016a3517e5acfefe6b48140",
          "type": "styleTokensProvider"
        },
        {
          "type": "renderModule",
          "assetId": "OERS3-fRLQ70",
          "checksum": "63e7ca773bf5471ab2050d505feac125"
        },
        {
          "type": "cssRules",
          "assetId": "OERS3-fRLQ70",
          "checksum": "63e7ca773bf5471ab2050d505feac125"
        },
        {
          "assetId": "dU9SZPrnMUWLfHqMrxdfvS",
          "type": "projectCss",
          "checksum": "8de0adce423163d08985723fa06b3958"
        }
      ],
      "codegenVersion": "0.0.2"
    },
    {
      "projectId": "ohDidvG9XsCeFumugENU3J",
      "version": "6.35.0",
      "dependencies": {},
      "lang": "ts",
      "fileLocks": [
        {
          "assetId": "ohDidvG9XsCeFumugENU3J",
          "type": "projectCss",
          "checksum": "c33cca495b4f537180cbc434c3f872b9"
        },
        {
          "assetId": "ohDidvG9XsCeFumugENU3J",
          "checksum": "f35a7050af9ad27b5adac4d101d88037",
          "type": "globalContexts"
        },
        {
          "assetId": "ohDidvG9XsCeFumugENU3J",
          "checksum": "c425737058d1ac29382a23e54666cb69",
          "type": "projectModule"
        },
        {
          "assetId": "ohDidvG9XsCeFumugENU3J",
          "checksum": "39f2bd024eac89b20b4a8ed8ef628efd",
          "type": "styleTokensProvider"
        }
      ],
      "codegenVersion": "0.0.2"
    }
  ],
  "cliVersion": "0.1.348"
}
